
Microsoft Visual Studio Solution File, Format Version 12.00
# Visual Studio Version 16
VisualStudioVersion = 16.0.30406.217
MinimumVisualStudioVersion = 10.0.40219.1
Project("{FAE04EC0-301F-11D3-BF4B-00C04F79EFBC}") = "YadLogger", "YadLogger\YadLogger.csproj", "{E214AD09-B0C7-46DA-B7DA-F2B4EC3DC802}"
EndProject
Global
	GlobalSection(SolutionConfigurationPlatforms) = preSolution
		Debug|Any CPU = Debug|Any CPU
		Release|Any CPU = Release|Any CPU
	EndGlobalSection
	GlobalSection(ProjectConfigurationPlatforms) = postSolution
		{E214AD09-B0C7-46DA-B7DA-F2B4EC3DC802}.Debug|Any CPU.ActiveCfg = Debug|Any CPU
		{E214AD09-B0C7-46DA-B7DA-F2B4EC3DC802}.Debug|Any CPU.Build.0 = Debug|Any CPU
		{E214AD09-B0C7-46DA-B7DA-F2B4EC3DC802}.Release|Any CPU.ActiveCfg = Release|Any CPU
		{E214AD09-B0C7-46DA-B7DA-F2B4EC3DC802}.Release|Any CPU.Build.0 = Release|Any CPU
	EndGlobalSection
	GlobalSection(SolutionProperties) = preSolution
		HideSolutionNode = FALSE
	EndGlobalSection
	GlobalSection(ExtensibilityGlobals) = postSolution
		SolutionGuid = {F74866F7-63FB-4498-8687-90E782485818}
	EndGlobalSection
EndGlobal
